
Microsoft Visual Studio Solution File, Format Version 12.00
# Visual Studio Version 16
VisualStudioVersion = 16.0.31702.278
MinimumVisualStudioVersion = 10.0.40219.1
Project("{FAE04EC0-301F-11D3-BF4B-00C04F79EFBC}") = "MarsRover", "MarsRover\MarsRover.csproj", "{C0FC9E50-1318-414D-AF8C-6C3BC8B9AE99}"
EndProject
Project("{FAE04EC0-301F-11D3-BF4B-00C04F79EFBC}") = "MarsRoverTest", "MarsRoverTest\MarsRoverTest.csproj", "{E66C6C90-0B73-4265-B91A-E68C59B79778}"
EndProject
Global
	GlobalSection(SolutionConfigurationPlatforms) = preSolution
		Debug|Any CPU = Debug|Any CPU
		Release|Any CPU = Release|Any CPU
	EndGlobalSection
	GlobalSection(ProjectConfigurationPlatforms) = postSolution
		{C0FC9E50-1318-414D-AF8C-6C3BC8B9AE99}.Debug|Any CPU.ActiveCfg = Debug|Any CPU
		{C0FC9E50-1318-414D-AF8C-6C3BC8B9AE99}.Debug|Any CPU.Build.0 = Debug|Any CPU
		{C0FC9E50-1318-414D-AF8C-6C3BC8B9AE99}.Release|Any CPU.ActiveCfg = Release|Any CPU
		{C0FC9E50-1318-414D-AF8C-6C3BC8B9AE99}.Release|Any CPU.Build.0 = Release|Any CPU
		{E66C6C90-0B73-4265-B91A-E68C59B79778}.Debug|Any CPU.ActiveCfg = Debug|Any CPU
		{E66C6C90-0B73-4265-B91A-E68C59B79778}.Debug|Any CPU.Build.0 = Debug|Any CPU
		{E66C6C90-0B73-4265-B91A-E68C59B79778}.Release|Any CPU.ActiveCfg = Release|Any CPU
		{E66C6C90-0B73-4265-B91A-E68C59B79778}.Release|Any CPU.Build.0 = Release|Any CPU
	EndGlobalSection
	GlobalSection(SolutionProperties) = preSolution
		HideSolutionNode = FALSE
	EndGlobalSection
	GlobalSection(ExtensibilityGlobals) = postSolution
		SolutionGuid = {192D8EB5-035C-4937-B79A-8F5B1FA8A4DA}
	EndGlobalSection
EndGlobal
